
Microsoft Visual Studio Solution File, Format Version 12.00
# Visual Studio Version 17
VisualStudioVersion = 17.14.36511.14 d17.14
MinimumVisualStudioVersion = 10.0.40219.1
Project("{FAE04EC0-301F-11D3-BF4B-00C04F79EFBC}") = "RVStock", "RVStock\RVStock.csproj", "{0F528192-5D1A-4CF9-9B1F-BC33379E05BF}"
EndProject
Project("{FAE04EC0-301F-11D3-BF4B-00C04F79EFBC}") = "RVStockAPI", "RVStockAPI\RVStockAPI.csproj", "{2148D051-7588-429B-85EB-132B0143DD4E}"
EndProject
Project("{FAE04EC0-301F-11D3-BF4B-00C04F79EFBC}") = "RVStockSHARED", "RVStockSHARED\RVStockSHARED.csproj", "{4CC36099-DE4B-4087-9A59-57B684C01CD7}"
EndProject
Global
	GlobalSection(SolutionConfigurationPlatforms) = preSolution
		Debug|Any CPU = Debug|Any CPU
		Release|Any CPU = Release|Any CPU
	EndGlobalSection
	GlobalSection(ProjectConfigurationPlatforms) = postSolution
		{0F528192-5D1A-4CF9-9B1F-BC33379E05BF}.Debug|Any CPU.ActiveCfg = Debug|Any CPU
		{0F528192-5D1A-4CF9-9B1F-BC33379E05BF}.Debug|Any CPU.Build.0 = Debug|Any CPU
		{0F528192-5D1A-4CF9-9B1F-BC33379E05BF}.Release|Any CPU.ActiveCfg = Release|Any CPU
		{0F528192-5D1A-4CF9-9B1F-BC33379E05BF}.Release|Any CPU.Build.0 = Release|Any CPU
		{2148D051-7588-429B-85EB-132B0143DD4E}.Debug|Any CPU.ActiveCfg = Debug|Any CPU
		{2148D051-7588-429B-85EB-132B0143DD4E}.Debug|Any CPU.Build.0 = Debug|Any CPU
		{2148D051-7588-429B-85EB-132B0143DD4E}.Release|Any CPU.ActiveCfg = Release|Any CPU
		{2148D051-7588-429B-85EB-132B0143DD4E}.Release|Any CPU.Build.0 = Release|Any CPU
		{4CC36099-DE4B-4087-9A59-57B684C01CD7}.Debug|Any CPU.ActiveCfg = Debug|Any CPU
		{4CC36099-DE4B-4087-9A59-57B684C01CD7}.Debug|Any CPU.Build.0 = Debug|Any CPU
		{4CC36099-DE4B-4087-9A59-57B684C01CD7}.Release|Any CPU.ActiveCfg = Release|Any CPU
		{4CC36099-DE4B-4087-9A59-57B684C01CD7}.Release|Any CPU.Build.0 = Release|Any CPU
	EndGlobalSection
	GlobalSection(SolutionProperties) = preSolution
		HideSolutionNode = FALSE
	EndGlobalSection
	GlobalSection(ExtensibilityGlobals) = postSolution
		SolutionGuid = {65DFBA41-2901-4549-9ED1-E36ED22E082C}
	EndGlobalSection
EndGlobal
